// !$*UTF8*$!
{
	archiveVersion = 1;
	classes = {
	};
	objectVersion = 46;
	objects = {

/* Begin PBXBuildFile section */
		DDCF2E5CE824D82061E4AA48 /* libPods-QeelinGold-iOS.a in Frameworks */ = {isa = PBXBuildFile; fileRef = 126742ADCB07F0575B8EAC9D /* libPods-QeelinGold-iOS.a */; };
		FA7467F81E97D495002DBE06 /* QeelinGold-iOS.swift in Sources */ = {isa = PBXBuildFile; fileRef = FA7467F71E97D495002DBE06 /* QeelinGold-iOS.swift */; };
		FA7468071E97D51B002DBE06 /* Charts.framework in Frameworks */ = {isa = PBXBuildFile; fileRef = FA7468001E97D4B3002DBE06 /* Charts.framework */; settings = {ATTRIBUTES = (Weak, ); }; };
		FA7468231E97D5D5002DBE06 /* DateValueFormatter.m in Sources */ = {isa = PBXBuildFile; fileRef = FA74680A1E97D5D5002DBE06 /* DateValueFormatter.m */; };
		FA7468241E97D5D5002DBE06 /* QLCandleStickAndBarNegativeView.m in Sources */ = {isa = PBXBuildFile; fileRef = FA74680C1E97D5D5002DBE06 /* QLCandleStickAndBarNegativeView.m */; };
		FA7468251E97D5D5002DBE06 /* QLChartsBarNegativeTool.m in Sources */ = {isa = PBXBuildFile; fileRef = FA74680E1E97D5D5002DBE06 /* QLChartsBarNegativeTool.m */; };
		FA7468261E97D5D5002DBE06 /* QLChartsCandleStickCombineTool.m in Sources */ = {isa = PBXBuildFile; fileRef = FA7468101E97D5D5002DBE06 /* QLChartsCandleStickCombineTool.m */; };
		FA7468281E97D5D5002DBE06 /* QLChartsCandleStickTool.m in Sources */ = {isa = PBXBuildFile; fileRef = FA7468141E97D5D5002DBE06 /* QLChartsCandleStickTool.m */; };
		FA7468291E97D5D5002DBE06 /* QLChartsDataCategoryView.m in Sources */ = {isa = PBXBuildFile; fileRef = FA7468161E97D5D5002DBE06 /* QLChartsDataCategoryView.m */; };
		FA74682B1E97D5D5002DBE06 /* QLChartsInitializationCategory.m in Sources */ = {isa = PBXBuildFile; fileRef = FA74681A1E97D5D5002DBE06 /* QLChartsInitializationCategory.m */; };
		FA74682C1E97D5D5002DBE06 /* QLChartsModel.m in Sources */ = {isa = PBXBuildFile; fileRef = FA74681C1E97D5D5002DBE06 /* QLChartsModel.m */; };
		FA74682D1E97D5D5002DBE06 /* QLChartsTool.m in Sources */ = {isa = PBXBuildFile; fileRef = FA74681E1E97D5D5002DBE06 /* QLChartsTool.m */; };
		FA74682E1E97D5D5002DBE06 /* QLChartsViews.m in Sources */ = {isa = PBXBuildFile; fileRef = FA7468201E97D5D5002DBE06 /* QLChartsViews.m */; };
		FA74682F1E97D5D5002DBE06 /* SetValueFormatter.m in Sources */ = {isa = PBXBuildFile; fileRef = FA7468221E97D5D5002DBE06 /* SetValueFormatter.m */; };
		FA7468321E97D821002DBE06 /* btn1ViewController.m in Sources */ = {isa = PBXBuildFile; fileRef = FA7468311E97D821002DBE06 /* btn1ViewController.m */; };
		FA7468351E97D82F002DBE06 /* btn2ViewController.m in Sources */ = {isa = PBXBuildFile; fileRef = FA7468341E97D82F002DBE06 /* btn2ViewController.m */; };
		FA74683C1E97E245002DBE06 /* UIColor+Simple.m in Sources */ = {isa = PBXBuildFile; fileRef = FA74683B1E97E245002DBE06 /* UIColor+Simple.m */; };
		FA7468421E97E26E002DBE06 /* colorModel.m in Sources */ = {isa = PBXBuildFile; fileRef = FA7468411E97E26E002DBE06 /* colorModel.m */; };
		FA85C5BA1E97E4A400C08A09 /* BalloonMarker.swift in Sources */ = {isa = PBXBuildFile; fileRef = FA7468431E97E401002DBE06 /* BalloonMarker.swift */; };
		FA85C5C81E97FA0E00C08A09 /* Documentsline.plist in Resources */ = {isa = PBXBuildFile; fileRef = FA85C5C61E97FA0E00C08A09 /* Documentsline.plist */; };
		FA85C5CA1E97FBDA00C08A09 /* Documentscome.plist in Resources */ = {isa = PBXBuildFile; fileRef = FA85C5C91E97FBDA00C08A09 /* Documentscome.plist */; };
		FA85C5CB1E98018E00C08A09 /* Charts.framework in Frameworks */ = {isa = PBXBuildFile; fileRef = FA7468001E97D4B3002DBE06 /* Charts.framework */; settings = {ATTRIBUTES = (Weak, ); }; };
		FA85C5CC1E98018E00C08A09 /* Charts.framework in Embed Frameworks */ = {isa = PBXBuildFile; fileRef = FA7468001E97D4B3002DBE06 /* Charts.framework */; settings = {ATTRIBUTES = (CodeSignOnCopy, RemoveHeadersOnCopy, ); }; };
		FA955A651E9652E800762DA4 /* AdSupport.framework in Frameworks */ = {isa = PBXBuildFile; fileRef = FA955A641E9652E800762DA4 /* AdSupport.framework */; };
		FA9E4D2B1EBC4FD800780CE9 /* UIButton+Action.m in Sources */ = {isa = PBXBuildFile; fileRef = FA9E4D2A1EBC4FD800780CE9 /* UIButton+Action.m */; };
		FAD012A61E9492EE0088B2D9 /* main.m in Sources */ = {isa = PBXBuildFile; fileRef = FAD012A51E9492EE0088B2D9 /* main.m */; };
		FAD012A91E9492EE0088B2D9 /* AppDelegate.m in Sources */ = {isa = PBXBuildFile; fileRef = FAD012A81E9492EE0088B2D9 /* AppDelegate.m */; };
		FAD012AC1E9492EE0088B2D9 /* ViewController.m in Sources */ = {isa = PBXBuildFile; fileRef = FAD012AB1E9492EE0088B2D9 /* ViewController.m */; };
		FAD012AF1E9492EE0088B2D9 /* Main.storyboard in Resources */ = {isa = PBXBuildFile; fileRef = FAD012AD1E9492EE0088B2D9 /* Main.storyboard */; };
		FAD012B11E9492EE0088B2D9 /* Assets.xcassets in Resources */ = {isa = PBXBuildFile; fileRef = FAD012B01E9492EE0088B2D9 /* Assets.xcassets */; };
		FAD012B41E9492EE0088B2D9 /* LaunchScreen.storyboard in Resources */ = {isa = PBXBuildFile; fileRef = FAD012B21E9492EE0088B2D9 /* LaunchScreen.storyboard */; };
		FAD012BF1E9492EE0088B2D9 /* QeelinGold_iOSTests.m in Sources */ = {isa = PBXBuildFile; fileRef = FAD012BE1E9492EE0088B2D9 /* QeelinGold_iOSTests.m */; };
		FAD012CA1E9492EE0088B2D9 /* QeelinGold_iOSUITests.m in Sources */ = {isa = PBXBuildFile; fileRef = FAD012C91E9492EE0088B2D9 /* QeelinGold_iOSUITests.m */; };
		FAFA73DB1ECC60AE00268E71 /* DQRequestCenter.m in Sources */ = {isa = PBXBuildFile; fileRef = FAFA73D11ECC60AE00268E71 /* DQRequestCenter.m */; };
		FAFA73DC1ECC60AE00268E71 /* DQRequestEngine.m in Sources */ = {isa = PBXBuildFile; fileRef = FAFA73D41ECC60AE00268E71 /* DQRequestEngine.m */; };
		FAFA73DD1ECC60AE00268E71 /* DQRequestItem.m in Sources */ = {isa = PBXBuildFile; fileRef = FAFA73D61ECC60AE00268E71 /* DQRequestItem.m */; };
		FAFA73DE1ECC60AE00268E71 /* Reachability.m in Sources */ = {isa = PBXBuildFile; fileRef = FAFA73DA1ECC60AE00268E71 /* Reachability.m */; };
/* End PBXBuildFile section */

/* Begin PBXContainerItemProxy section */
		FA7467FF1E97D4B3002DBE06 /* PBXContainerItemProxy */ = {
			isa = PBXContainerItemProxy;
			containerPortal = FA7467F91E97D4B2002DBE06 /* Charts.xcodeproj */;
			proxyType = 2;
			remoteGlobalIDString = 06165F241D8110E600722320;
			remoteInfo = Charts;
		};
		FA7468011E97D4B3002DBE06 /* PBXContainerItemProxy */ = {
			isa = PBXContainerItemProxy;
			containerPortal = FA7467F91E97D4B2002DBE06 /* Charts.xcodeproj */;
			proxyType = 2;
			remoteGlobalIDString = 06B120D51D811E6200D14B02;
			remoteInfo = ChartsRealm;
		};
		FA7468031E97D4B3002DBE06 /* PBXContainerItemProxy */ = {
			isa = PBXContainerItemProxy;
			containerPortal = FA7467F91E97D4B2002DBE06 /* Charts.xcodeproj */;
			proxyType = 2;
			remoteGlobalIDString = 06165F2E1D8110E600722320;
			remoteInfo = ChartsTests;
		};
		FA85C5CD1E98018E00C08A09 /* PBXContainerItemProxy */ = {
			isa = PBXContainerItemProxy;
			containerPortal = FA7467F91E97D4B2002DBE06 /* Charts.xcodeproj */;
			proxyType = 1;
			remoteGlobalIDString = 06165F231D8110E600722320;
			remoteInfo = Charts;
		};
		FAD012BB1E9492EE0088B2D9 /* PBXContainerItemProxy */ = {
			isa = PBXContainerItemProxy;
			containerPortal = FAD012991E9492EE0088B2D9 /* Project object */;
			proxyType = 1;
			remoteGlobalIDString = FAD012A01E9492EE0088B2D9;
			remoteInfo = "QeelinGold-iOS";
		};
		FAD012C61E9492EE0088B2D9 /* PBXContainerItemProxy */ = {
			isa = PBXContainerItemProxy;
			containerPortal = FAD012991E9492EE0088B2D9 /* Project object */;
			proxyType = 1;
			remoteGlobalIDString = FAD012A01E9492EE0088B2D9;
			remoteInfo = "QeelinGold-iOS";
		};
/* End PBXContainerItemProxy section */

/* Begin PBXCopyFilesBuildPhase section */
		FA85C5CF1E98018E00C08A09 /* Embed Frameworks */ = {
			isa = PBXCopyFilesBuildPhase;
			buildActionMask = 2147483647;
			dstPath = "";
			dstSubfolderSpec = 10;
			files = (
				FA85C5CC1E98018E00C08A09 /* Charts.framework in Embed Frameworks */,
			);
			name = "Embed Frameworks";
			runOnlyForDeploymentPostprocessing = 0;
		};
/* End PBXCopyFilesBuildPhase section */

/* Begin PBXFileReference section */
		126742ADCB07F0575B8EAC9D /* libPods-QeelinGold-iOS.a */ = {isa = PBXFileReference; explicitFileType = archive.ar; includeInIndex = 0; path = "libPods-QeelinGold-iOS.a"; sourceTree = BUILT_PRODUCTS_DIR; };
		204C3D51BEE4B0CB673C71CF /* Pods-QeelinGold-iOS.release.xcconfig */ = {isa = PBXFileReference; includeInIndex = 1; lastKnownFileType = text.xcconfig; name = "Pods-QeelinGold-iOS.release.xcconfig"; path = "Pods/Target Support Files/Pods-QeelinGold-iOS/Pods-QeelinGold-iOS.release.xcconfig"; sourceTree = "<group>"; };
		7959097B9FFD33637BB39E10 /* Pods-QeelinGold-iOS.debug.xcconfig */ = {isa = PBXFileReference; includeInIndex = 1; lastKnownFileType = text.xcconfig; name = "Pods-QeelinGold-iOS.debug.xcconfig"; path = "Pods/Target Support Files/Pods-QeelinGold-iOS/Pods-QeelinGold-iOS.debug.xcconfig"; sourceTree = "<group>"; };
		FA7467F61E97D494002DBE06 /* QeelinGold-iOS-Bridging-Header.h */ = {isa = PBXFileReference; lastKnownFileType = sourcecode.c.h; path = "QeelinGold-iOS-Bridging-Header.h"; sourceTree = "<group>"; };
		FA7467F71E97D495002DBE06 /* QeelinGold-iOS.swift */ = {isa = PBXFileReference; fileEncoding = 4; lastKnownFileType = sourcecode.swift; path = "QeelinGold-iOS.swift"; sourceTree = "<group>"; };
		FA7467F91E97D4B2002DBE06 /* Charts.xcodeproj */ = {isa = PBXFileReference; lastKnownFileType = "wrapper.pb-project"; name = Charts.xcodeproj; path = "Charts-3.0.1/Charts.xcodeproj"; sourceTree = "<group>"; };
		FA7468091E97D5D5002DBE06 /* DateValueFormatter.h */ = {isa = PBXFileReference; fileEncoding = 4; lastKnownFileType = sourcecode.c.h; path = DateValueFormatter.h; sourceTree = "<group>"; };
		FA74680A1E97D5D5002DBE06 /* DateValueFormatter.m */ = {isa = PBXFileReference; fileEncoding = 4; lastKnownFileType = sourcecode.c.objc; path = DateValueFormatter.m; sourceTree = "<group>"; };
		FA74680B1E97D5D5002DBE06 /* QLCandleStickAndBarNegativeView.h */ = {isa = PBXFileReference; fileEncoding = 4; lastKnownFileType = sourcecode.c.h; path = QLCandleStickAndBarNegativeView.h; sourceTree = "<group>"; };
		FA74680C1E97D5D5002DBE06 /* QLCandleStickAndBarNegativeView.m */ = {isa = PBXFileReference; fileEncoding = 4; lastKnownFileType = sourcecode.c.objc; path = QLCandleStickAndBarNegativeView.m; sourceTree = "<group>"; };
		FA74680D1E97D5D5002DBE06 /* QLChartsBarNegativeTool.h */ = {isa = PBXFileReference; fileEncoding = 4; lastKnownFileType = sourcecode.c.h; path = QLChartsBarNegativeTool.h; sourceTree = "<group>"; };
		FA74680E1E97D5D5002DBE06 /* QLChartsBarNegativeTool.m */ = {isa = PBXFileReference; fileEncoding = 4; lastKnownFileType = sourcecode.c.objc; path = QLChartsBarNegativeTool.m; sourceTree = "<group>"; };
		FA74680F1E97D5D5002DBE06 /* QLChartsCandleStickCombineTool.h */ = {isa = PBXFileReference; fileEncoding = 4; lastKnownFileType = sourcecode.c.h; path = QLChartsCandleStickCombineTool.h; sourceTree = "<group>"; };
		FA7468101E97D5D5002DBE06 /* QLChartsCandleStickCombineTool.m */ = {isa = PBXFileReference; fileEncoding = 4; lastKnownFileType = sourcecode.c.objc; path = QLChartsCandleStickCombineTool.m; sourceTree = "<group>"; };
		FA7468131E97D5D5002DBE06 /* QLChartsCandleStickTool.h */ = {isa = PBXFileReference; fileEncoding = 4; lastKnownFileType = sourcecode.c.h; path = QLChartsCandleStickTool.h; sourceTree = "<group>"; };
		FA7468141E97D5D5002DBE06 /* QLChartsCandleStickTool.m */ = {isa = PBXFileReference; fileEncoding = 4; lastKnownFileType = sourcecode.c.objc; path = QLChartsCandleStickTool.m; sourceTree = "<group>"; };
		FA7468151E97D5D5002DBE06 /* QLChartsDataCategoryView.h */ = {isa = PBXFileReference; fileEncoding = 4; lastKnownFileType = sourcecode.c.h; path = QLChartsDataCategoryView.h; sourceTree = "<group>"; };
		FA7468161E97D5D5002DBE06 /* QLChartsDataCategoryView.m */ = {isa = PBXFileReference; fileEncoding = 4; lastKnownFileType = sourcecode.c.objc; path = QLChartsDataCategoryView.m; sourceTree = "<group>"; };
		FA7468191E97D5D5002DBE06 /* QLChartsInitializationCategory.h */ = {isa = PBXFileReference; fileEncoding = 4; lastKnownFileType = sourcecode.c.h; path = QLChartsInitializationCategory.h; sourceTree = "<group>"; };
		FA74681A1E97D5D5002DBE06 /* QLChartsInitializationCategory.m */ = {isa = PBXFileReference; fileEncoding = 4; lastKnownFileType = sourcecode.c.objc; path = QLChartsInitializationCategory.m; sourceTree = "<group>"; };
		FA74681B1E97D5D5002DBE06 /* QLChartsModel.h */ = {isa = PBXFileReference; fileEncoding = 4; lastKnownFileType = sourcecode.c.h; path = QLChartsModel.h; sourceTree = "<group>"; };
		FA74681C1E97D5D5002DBE06 /* QLChartsModel.m */ = {isa = PBXFileReference; fileEncoding = 4; lastKnownFileType = sourcecode.c.objc; path = QLChartsModel.m; sourceTree = "<group>"; };
		FA74681D1E97D5D5002DBE06 /* QLChartsTool.h */ = {isa = PBXFileReference; fileEncoding = 4; lastKnownFileType = sourcecode.c.h; path = QLChartsTool.h; sourceTree = "<group>"; };
		FA74681E1E97D5D5002DBE06 /* QLChartsTool.m */ = {isa = PBXFileReference; fileEncoding = 4; lastKnownFileType = sourcecode.c.objc; path = QLChartsTool.m; sourceTree = "<group>"; };
		FA74681F1E97D5D5002DBE06 /* QLChartsViews.h */ = {isa = PBXFileReference; fileEncoding = 4; lastKnownFileType = sourcecode.c.h; path = QLChartsViews.h; sourceTree = "<group>"; };
		FA7468201E97D5D5002DBE06 /* QLChartsViews.m */ = {isa = PBXFileReference; fileEncoding = 4; lastKnownFileType = sourcecode.c.objc; path = QLChartsViews.m; sourceTree = "<group>"; };
		FA7468211E97D5D5002DBE06 /* SetValueFormatter.h */ = {isa = PBXFileReference; fileEncoding = 4; lastKnownFileType = sourcecode.c.h; path = SetValueFormatter.h; sourceTree = "<group>"; };
		FA7468221E97D5D5002DBE06 /* SetValueFormatter.m */ = {isa = PBXFileReference; fileEncoding = 4; lastKnownFileType = sourcecode.c.objc; path = SetValueFormatter.m; sourceTree = "<group>"; };
		FA7468301E97D821002DBE06 /* btn1ViewController.h */ = {isa = PBXFileReference; fileEncoding = 4; lastKnownFileType = sourcecode.c.h; path = btn1ViewController.h; sourceTree = "<group>"; };
		FA7468311E97D821002DBE06 /* btn1ViewController.m */ = {isa = PBXFileReference; fileEncoding = 4; lastKnownFileType = sourcecode.c.objc; path = btn1ViewController.m; sourceTree = "<group>"; };
		FA7468331E97D82F002DBE06 /* btn2ViewController.h */ = {isa = PBXFileReference; fileEncoding = 4; lastKnownFileType = sourcecode.c.h; path = btn2ViewController.h; sourceTree = "<group>"; };
		FA7468341E97D82F002DBE06 /* btn2ViewController.m */ = {isa = PBXFileReference; fileEncoding = 4; lastKnownFileType = sourcecode.c.objc; path = btn2ViewController.m; sourceTree = "<group>"; };
		FA74683A1E97E245002DBE06 /* UIColor+Simple.h */ = {isa = PBXFileReference; fileEncoding = 4; lastKnownFileType = sourcecode.c.h; path = "UIColor+Simple.h"; sourceTree = "<group>"; };
		FA74683B1E97E245002DBE06 /* UIColor+Simple.m */ = {isa = PBXFileReference; fileEncoding = 4; lastKnownFileType = sourcecode.c.objc; path = "UIColor+Simple.m"; sourceTree = "<group>"; };
		FA7468401E97E26E002DBE06 /* colorModel.h */ = {isa = PBXFileReference; fileEncoding = 4; lastKnownFileType = sourcecode.c.h; path = colorModel.h; sourceTree = "<group>"; };
		FA7468411E97E26E002DBE06 /* colorModel.m */ = {isa = PBXFileReference; fileEncoding = 4; lastKnownFileType = sourcecode.c.objc; path = colorModel.m; sourceTree = "<group>"; };
		FA7468431E97E401002DBE06 /* BalloonMarker.swift */ = {isa = PBXFileReference; fileEncoding = 4; lastKnownFileType = sourcecode.swift; path = BalloonMarker.swift; sourceTree = "<group>"; };
		FA85C5C61E97FA0E00C08A09 /* Documentsline.plist */ = {isa = PBXFileReference; fileEncoding = 4; lastKnownFileType = text.plist.xml; path = Documentsline.plist; sourceTree = "<group>"; };
		FA85C5C91E97FBDA00C08A09 /* Documentscome.plist */ = {isa = PBXFileReference; fileEncoding = 4; lastKnownFileType = text.plist.xml; path = Documentscome.plist; sourceTree = "<group>"; };
		FA955A621E964B4800762DA4 /* QeelinGold-iOS-Prefix.pch */ = {isa = PBXFileReference; fileEncoding = 4; lastKnownFileType = sourcecode.c.h; path = "QeelinGold-iOS-Prefix.pch"; sourceTree = "<group>"; };
		FA955A641E9652E800762DA4 /* AdSupport.framework */ = {isa = PBXFileReference; lastKnownFileType = wrapper.framework; name = AdSupport.framework; path = System/Library/Frameworks/AdSupport.framework; sourceTree = SDKROOT; };
		FA9E4D291EBC4FD800780CE9 /* UIButton+Action.h */ = {isa = PBXFileReference; fileEncoding = 4; lastKnownFileType = sourcecode.c.h; path = "UIButton+Action.h"; sourceTree = "<group>"; };
		FA9E4D2A1EBC4FD800780CE9 /* UIButton+Action.m */ = {isa = PBXFileReference; fileEncoding = 4; lastKnownFileType = sourcecode.c.objc; path = "UIButton+Action.m"; sourceTree = "<group>"; };
		FAD012A11E9492EE0088B2D9 /* QeelinGold-iOS.app */ = {isa = PBXFileReference; explicitFileType = wrapper.application; includeInIndex = 0; path = "QeelinGold-iOS.app"; sourceTree = BUILT_PRODUCTS_DIR; };
		FAD012A51E9492EE0088B2D9 /* main.m */ = {isa = PBXFileReference; lastKnownFileType = sourcecode.c.objc; path = main.m; sourceTree = "<group>"; };
		FAD012A71E9492EE0088B2D9 /* AppDelegate.h */ = {isa = PBXFileReference; lastKnownFileType = sourcecode.c.h; path = AppDelegate.h; sourceTree = "<group>"; };
		FAD012A81E9492EE0088B2D9 /* AppDelegate.m */ = {isa = PBXFileReference; lastKnownFileType = sourcecode.c.objc; path = AppDelegate.m; sourceTree = "<group>"; };
		FAD012AA1E9492EE0088B2D9 /* ViewController.h */ = {isa = PBXFileReference; lastKnownFileType = sourcecode.c.h; path = ViewController.h; sourceTree = "<group>"; };
		FAD012AB1E9492EE0088B2D9 /* ViewController.m */ = {isa = PBXFileReference; lastKnownFileType = sourcecode.c.objc; path = ViewController.m; sourceTree = "<group>"; };
		FAD012AE1E9492EE0088B2D9 /* Base */ = {isa = PBXFileReference; lastKnownFileType = file.storyboard; name = Base; path = Base.lproj/Main.storyboard; sourceTree = "<group>"; };
		FAD012B01E9492EE0088B2D9 /* Assets.xcassets */ = {isa = PBXFileReference; lastKnownFileType = folder.assetcatalog; path = Assets.xcassets; sourceTree = "<group>"; };
		FAD012B31E9492EE0088B2D9 /* Base */ = {isa = PBXFileReference; lastKnownFileType = file.storyboard; name = Base; path = Base.lproj/LaunchScreen.storyboard; sourceTree = "<group>"; };
		FAD012B51E9492EE0088B2D9 /* Info.plist */ = {isa = PBXFileReference; lastKnownFileType = text.plist.xml; path = Info.plist; sourceTree = "<group>"; };
		FAD012BA1E9492EE0088B2D9 /* QeelinGold-iOSTests.xctest */ = {isa = PBXFileReference; explicitFileType = wrapper.cfbundle; includeInIndex = 0; path = "QeelinGold-iOSTests.xctest"; sourceTree = BUILT_PRODUCTS_DIR; };
		FAD012BE1E9492EE0088B2D9 /* QeelinGold_iOSTests.m */ = {isa = PBXFileReference; lastKnownFileType = sourcecode.c.objc; path = QeelinGold_iOSTests.m; sourceTree = "<group>"; };
		FAD012C01E9492EE0088B2D9 /* Info.plist */ = {isa = PBXFileReference; lastKnownFileType = text.plist.xml; path = Info.plist; sourceTree = "<group>"; };
		FAD012C51E9492EE0088B2D9 /* QeelinGold-iOSUITests.xctest */ = {isa = PBXFileReference; explicitFileType = wrapper.cfbundle; includeInIndex = 0; path = "QeelinGold-iOSUITests.xctest"; sourceTree = BUILT_PRODUCTS_DIR; };
		FAD012C91E9492EE0088B2D9 /* QeelinGold_iOSUITests.m */ = {isa = PBXFileReference; lastKnownFileType = sourcecode.c.objc; path = QeelinGold_iOSUITests.m; sourceTree = "<group>"; };
		FAD012CB1E9492EE0088B2D9 /* Info.plist */ = {isa = PBXFileReference; lastKnownFileType = text.plist.xml; path = Info.plist; sourceTree = "<group>"; };
		FAFA73D01ECC60AE00268E71 /* DQRequestCenter.h */ = {isa = PBXFileReference; fileEncoding = 4; lastKnownFileType = sourcecode.c.h; path = DQRequestCenter.h; sourceTree = "<group>"; };
		FAFA73D11ECC60AE00268E71 /* DQRequestCenter.m */ = {isa = PBXFileReference; fileEncoding = 4; lastKnownFileType = sourcecode.c.objc; path = DQRequestCenter.m; sourceTree = "<group>"; };
		FAFA73D21ECC60AE00268E71 /* DQRequestConst.h */ = {isa = PBXFileReference; fileEncoding = 4; lastKnownFileType = sourcecode.c.h; path = DQRequestConst.h; sourceTree = "<group>"; };
		FAFA73D31ECC60AE00268E71 /* DQRequestEngine.h */ = {isa = PBXFileReference; fileEncoding = 4; lastKnownFileType = sourcecode.c.h; path = DQRequestEngine.h; sourceTree = "<group>"; };
		FAFA73D41ECC60AE00268E71 /* DQRequestEngine.m */ = {isa = PBXFileReference; fileEncoding = 4; lastKnownFileType = sourcecode.c.objc; path = DQRequestEngine.m; sourceTree = "<group>"; };
		FAFA73D51ECC60AE00268E71 /* DQRequestItem.h */ = {isa = PBXFileReference; fileEncoding = 4; lastKnownFileType = sourcecode.c.h; path = DQRequestItem.h; sourceTree = "<group>"; };
		FAFA73D61ECC60AE00268E71 /* DQRequestItem.m */ = {isa = PBXFileReference; fileEncoding = 4; lastKnownFileType = sourcecode.c.objc; path = DQRequestItem.m; sourceTree = "<group>"; };
		FAFA73D71ECC60AE00268E71 /* DQRequestUrl.h */ = {isa = PBXFileReference; fileEncoding = 4; lastKnownFileType = sourcecode.c.h; path = DQRequestUrl.h; sourceTree = "<group>"; };
		FAFA73D91ECC60AE00268E71 /* Reachability.h */ = {isa = PBXFileReference; fileEncoding = 4; lastKnownFileType = sourcecode.c.h; path = Reachability.h; sourceTree = "<group>"; };
		FAFA73DA1ECC60AE00268E71 /* Reachability.m */ = {isa = PBXFileReference; fileEncoding = 4; lastKnownFileType = sourcecode.c.objc; path = Reachability.m; sourceTree = "<group>"; };
/* End PBXFileReference section */

/* Begin PBXFrameworksBuildPhase section */
		FAD0129E1E9492EE0088B2D9 /* Frameworks */ = {
			isa = PBXFrameworksBuildPhase;
			buildActionMask = 2147483647;
			files = (
				FA7468071E97D51B002DBE06 /* Charts.framework in Frameworks */,
				FA85C5CB1E98018E00C08A09 /* Charts.framework in Frameworks */,
				FA955A651E9652E800762DA4 /* AdSupport.framework in Frameworks */,
				DDCF2E5CE824D82061E4AA48 /* libPods-QeelinGold-iOS.a in Frameworks */,
			);
			runOnlyForDeploymentPostprocessing = 0;
		};
		FAD012B71E9492EE0088B2D9 /* Frameworks */ = {
			isa = PBXFrameworksBuildPhase;
			buildActionMask = 2147483647;
			files = (
			);
			runOnlyForDeploymentPostprocessing = 0;
		};
		FAD012C21E9492EE0088B2D9 /* Frameworks */ = {
			isa = PBXFrameworksBuildPhase;
			buildActionMask = 2147483647;
			files = (
			);
			runOnlyForDeploymentPostprocessing = 0;
		};
/* End PBXFrameworksBuildPhase section */

/* Begin PBXGroup section */
		80F02A0CD90A3FAFB749C82E /* Frameworks */ = {
			isa = PBXGroup;
			children = (
				FA955A641E9652E800762DA4 /* AdSupport.framework */,
				126742ADCB07F0575B8EAC9D /* libPods-QeelinGold-iOS.a */,
			);
			name = Frameworks;
			sourceTree = "<group>";
		};
		8EC1599A62EAE84813BE760C /* Pods */ = {
			isa = PBXGroup;
			children = (
				7959097B9FFD33637BB39E10 /* Pods-QeelinGold-iOS.debug.xcconfig */,
				204C3D51BEE4B0CB673C71CF /* Pods-QeelinGold-iOS.release.xcconfig */,
			);
			name = Pods;
			sourceTree = "<group>";
		};
		FA7467FA1E97D4B2002DBE06 /* Products */ = {
			isa = PBXGroup;
			children = (
				FA7468001E97D4B3002DBE06 /* Charts.framework */,
				FA7468021E97D4B3002DBE06 /* ChartsRealm.framework */,
				FA7468041E97D4B3002DBE06 /* ChartsTests.xctest */,
			);
			name = Products;
			sourceTree = "<group>";
		};
		FA7468081E97D5D5002DBE06 /* chartsTool */ = {
			isa = PBXGroup;
			children = (
				FA7468091E97D5D5002DBE06 /* DateValueFormatter.h */,
				FA74680A1E97D5D5002DBE06 /* DateValueFormatter.m */,
				FA74680B1E97D5D5002DBE06 /* QLCandleStickAndBarNegativeView.h */,
				FA74680C1E97D5D5002DBE06 /* QLCandleStickAndBarNegativeView.m */,
				FA74680D1E97D5D5002DBE06 /* QLChartsBarNegativeTool.h */,
				FA74680E1E97D5D5002DBE06 /* QLChartsBarNegativeTool.m */,
				FA74680F1E97D5D5002DBE06 /* QLChartsCandleStickCombineTool.h */,
				FA7468101E97D5D5002DBE06 /* QLChartsCandleStickCombineTool.m */,
				FA7468131E97D5D5002DBE06 /* QLChartsCandleStickTool.h */,
				FA7468141E97D5D5002DBE06 /* QLChartsCandleStickTool.m */,
				FA7468151E97D5D5002DBE06 /* QLChartsDataCategoryView.h */,
				FA7468161E97D5D5002DBE06 /* QLChartsDataCategoryView.m */,
				FA7468191E97D5D5002DBE06 /* QLChartsInitializationCategory.h */,
				FA74681A1E97D5D5002DBE06 /* QLChartsInitializationCategory.m */,
				FA74681B1E97D5D5002DBE06 /* QLChartsModel.h */,
				FA74681C1E97D5D5002DBE06 /* QLChartsModel.m */,
				FA74681D1E97D5D5002DBE06 /* QLChartsTool.h */,
				FA74681E1E97D5D5002DBE06 /* QLChartsTool.m */,
				FA74681F1E97D5D5002DBE06 /* QLChartsViews.h */,
				FA7468201E97D5D5002DBE06 /* QLChartsViews.m */,
				FA7468211E97D5D5002DBE06 /* SetValueFormatter.h */,
				FA7468221E97D5D5002DBE06 /* SetValueFormatter.m */,
			);
			path = chartsTool;
			sourceTree = "<group>";
		};
		FAD012981E9492EE0088B2D9 = {
			isa = PBXGroup;
			children = (
				FA7468431E97E401002DBE06 /* BalloonMarker.swift */,
				FAD012A31E9492EE0088B2D9 /* QeelinGold-iOS */,
				FAD012BD1E9492EE0088B2D9 /* QeelinGold-iOSTests */,
				FAD012C81E9492EE0088B2D9 /* QeelinGold-iOSUITests */,
				FAD012A21E9492EE0088B2D9 /* Products */,
				8EC1599A62EAE84813BE760C /* Pods */,
				80F02A0CD90A3FAFB749C82E /* Frameworks */,
			);
			sourceTree = "<group>";
		};
		FAD012A21E9492EE0088B2D9 /* Products */ = {
			isa = PBXGroup;
			children = (
				FAD012A11E9492EE0088B2D9 /* QeelinGold-iOS.app */,
				FAD012BA1E9492EE0088B2D9 /* QeelinGold-iOSTests.xctest */,
				FAD012C51E9492EE0088B2D9 /* QeelinGold-iOSUITests.xctest */,
			);
			name = Products;
			sourceTree = "<group>";
		};
		FAD012A31E9492EE0088B2D9 /* QeelinGold-iOS */ = {
			isa = PBXGroup;
			children = (
				FAFA73CF1ECC60AE00268E71 /* DQNetworking */,
				FA7468401E97E26E002DBE06 /* colorModel.h */,
				FA7468411E97E26E002DBE06 /* colorModel.m */,
				FA74683A1E97E245002DBE06 /* UIColor+Simple.h */,
				FA74683B1E97E245002DBE06 /* UIColor+Simple.m */,
				FA7468081E97D5D5002DBE06 /* chartsTool */,
				FA7467F91E97D4B2002DBE06 /* Charts.xcodeproj */,
				FAD012AA1E9492EE0088B2D9 /* ViewController.h */,
				FAD012AB1E9492EE0088B2D9 /* ViewController.m */,
				FAD012AD1E9492EE0088B2D9 /* Main.storyboard */,
				FAD012B21E9492EE0088B2D9 /* LaunchScreen.storyboard */,
				FAD012A41E9492EE0088B2D9 /* Supporting Files */,
				FA7467F71E97D495002DBE06 /* QeelinGold-iOS.swift */,
				FA7467F61E97D494002DBE06 /* QeelinGold-iOS-Bridging-Header.h */,
				FA7468301E97D821002DBE06 /* btn1ViewController.h */,
				FA7468311E97D821002DBE06 /* btn1ViewController.m */,
				FA7468331E97D82F002DBE06 /* btn2ViewController.h */,
				FA7468341E97D82F002DBE06 /* btn2ViewController.m */,
				FA9E4D291EBC4FD800780CE9 /* UIButton+Action.h */,
				FA9E4D2A1EBC4FD800780CE9 /* UIButton+Action.m */,
			);
			path = "QeelinGold-iOS";
			sourceTree = "<group>";
		};
		FAD012A41E9492EE0088B2D9 /* Supporting Files */ = {
			isa = PBXGroup;
			children = (
				FA85C5C91E97FBDA00C08A09 /* Documentscome.plist */,
				FA85C5C61E97FA0E00C08A09 /* Documentsline.plist */,
				FAD012A71E9492EE0088B2D9 /* AppDelegate.h */,
				FAD012A81E9492EE0088B2D9 /* AppDelegate.m */,
				FAD012B01E9492EE0088B2D9 /* Assets.xcassets */,
				FAD012B51E9492EE0088B2D9 /* Info.plist */,
				FAD012A51E9492EE0088B2D9 /* main.m */,
				FA955A621E964B4800762DA4 /* QeelinGold-iOS-Prefix.pch */,
			);
			name = "Supporting Files";
			sourceTree = "<group>";
		};
		FAD012BD1E9492EE0088B2D9 /* QeelinGold-iOSTests */ = {
			isa = PBXGroup;
			children = (
				FAD012BE1E9492EE0088B2D9 /* QeelinGold_iOSTests.m */,
				FAD012C01E9492EE0088B2D9 /* Info.plist */,
			);
			path = "QeelinGold-iOSTests";
			sourceTree = "<group>";
		};
		FAD012C81E9492EE0088B2D9 /* QeelinGold-iOSUITests */ = {
			isa = PBXGroup;
			children = (
				FAD012C91E9492EE0088B2D9 /* QeelinGold_iOSUITests.m */,
				FAD012CB1E9492EE0088B2D9 /* Info.plist */,
			);
			path = "QeelinGold-iOSUITests";
			sourceTree = "<group>";
		};
		FAFA73CF1ECC60AE00268E71 /* DQNetworking */ = {
			isa = PBXGroup;
			children = (
				FAFA73D01ECC60AE00268E71 /* DQRequestCenter.h */,
				FAFA73D11ECC60AE00268E71 /* DQRequestCenter.m */,
				FAFA73D21ECC60AE00268E71 /* DQRequestConst.h */,
				FAFA73D31ECC60AE00268E71 /* DQRequestEngine.h */,
				FAFA73D41ECC60AE00268E71 /* DQRequestEngine.m */,
				FAFA73D51ECC60AE00268E71 /* DQRequestItem.h */,
				FAFA73D61ECC60AE00268E71 /* DQRequestItem.m */,
				FAFA73D71ECC60AE00268E71 /* DQRequestUrl.h */,
				FAFA73D81ECC60AE00268E71 /* Reachability */,
			);
			path = DQNetworking;
			sourceTree = "<group>";
		};
		FAFA73D81ECC60AE00268E71 /* Reachability */ = {
			isa = PBXGroup;
			children = (
				FAFA73D91ECC60AE00268E71 /* Reachability.h */,
				FAFA73DA1ECC60AE00268E71 /* Reachability.m */,
			);
			path = Reachability;
			sourceTree = "<group>";
		};
/* End PBXGroup section */

/* Begin PBXNativeTarget section */
		FAD012A01E9492EE0088B2D9 /* QeelinGold-iOS */ = {
			isa = PBXNativeTarget;
			buildConfigurationList = FAD012CE1E9492EE0088B2D9 /* Build configuration list for PBXNativeTarget "QeelinGold-iOS" */;
			buildPhases = (
				2784B6E06BB24D3F48851BCA /* [CP] Check Pods Manifest.lock */,
				FAD0129D1E9492EE0088B2D9 /* Sources */,
				FAD0129E1E9492EE0088B2D9 /* Frameworks */,
				FAD0129F1E9492EE0088B2D9 /* Resources */,
				F3956BB3D1908B8E778C6F80 /* [CP] Embed Pods Frameworks */,
				D74D993F4EDE77258B9BD2E8 /* [CP] Copy Pods Resources */,
				FA85C5CF1E98018E00C08A09 /* Embed Frameworks */,
			);
			buildRules = (
			);
			dependencies = (
				FA85C5CE1E98018E00C08A09 /* PBXTargetDependency */,
			);
			name = "QeelinGold-iOS";
			productName = "QeelinGold-iOS";
			productReference = FAD012A11E9492EE0088B2D9 /* QeelinGold-iOS.app */;
			productType = "com.apple.product-type.application";
		};
		FAD012B91E9492EE0088B2D9 /* QeelinGold-iOSTests */ = {
			isa = PBXNativeTarget;
			buildConfigurationList = FAD012D11E9492EE0088B2D9 /* Build configuration list for PBXNativeTarget "QeelinGold-iOSTests" */;
			buildPhases = (
				FAD012B61E9492EE0088B2D9 /* Sources */,
				FAD012B71E9492EE0088B2D9 /* Frameworks */,
				FAD012B81E9492EE0088B2D9 /* Resources */,
			);
			buildRules = (
			);
			dependencies = (
				FAD012BC1E9492EE0088B2D9 /* PBXTargetDependency */,
			);
			name = "QeelinGold-iOSTests";
			productName = "QeelinGold-iOSTests";
			productReference = FAD012BA1E9492EE0088B2D9 /* QeelinGold-iOSTests.xctest */;
			productType = "com.apple.product-type.bundle.unit-test";
		};
		FAD012C41E9492EE0088B2D9 /* QeelinGold-iOSUITests */ = {
			isa = PBXNativeTarget;
			buildConfigurationList = FAD012D41E9492EE0088B2D9 /* Build configuration list for PBXNativeTarget "QeelinGold-iOSUITests" */;
			buildPhases = (
				FAD012C11E9492EE0088B2D9 /* Sources */,
				FAD012C21E9492EE0088B2D9 /* Frameworks */,
				FAD012C31E9492EE0088B2D9 /* Resources */,
			);
			buildRules = (
			);
			dependencies = (
				FAD012C71E9492EE0088B2D9 /* PBXTargetDependency */,
			);
			name = "QeelinGold-iOSUITests";
			productName = "QeelinGold-iOSUITests";
			productReference = FAD012C51E9492EE0088B2D9 /* QeelinGold-iOSUITests.xctest */;
			productType = "com.apple.product-type.bundle.ui-testing";
		};
/* End PBXNativeTarget section */

/* Begin PBXProject section */
		FAD012991E9492EE0088B2D9 /* Project object */ = {
			isa = PBXProject;
			attributes = {
				LastUpgradeCheck = 0820;
				ORGANIZATIONNAME = chen;
				TargetAttributes = {
					FAD012A01E9492EE0088B2D9 = {
						CreatedOnToolsVersion = 8.2.1;
						DevelopmentTeam = 86K8SMY2J9;
						LastSwiftMigration = 0820;
						ProvisioningStyle = Automatic;
					};
					FAD012B91E9492EE0088B2D9 = {
						CreatedOnToolsVersion = 8.2.1;
						DevelopmentTeam = 86K8SMY2J9;
						ProvisioningStyle = Automatic;
						TestTargetID = FAD012A01E9492EE0088B2D9;
					};
					FAD012C41E9492EE0088B2D9 = {
						CreatedOnToolsVersion = 8.2.1;
						DevelopmentTeam = 86K8SMY2J9;
						ProvisioningStyle = Automatic;
						TestTargetID = FAD012A01E9492EE0088B2D9;
					};
				};
			};
			buildConfigurationList = FAD0129C1E9492EE0088B2D9 /* Build configuration list for PBXProject "QeelinGold-iOS" */;
			compatibilityVersion = "Xcode 3.2";
			developmentRegion = English;
			hasScannedForEncodings = 0;
			knownRegions = (
				en,
				Base,
			);
			mainGroup = FAD012981E9492EE0088B2D9;
			productRefGroup = FAD012A21E9492EE0088B2D9 /* Products */;
			projectDirPath = "";
			projectReferences = (
				{
					ProductGroup = FA7467FA1E97D4B2002DBE06 /* Products */;
					ProjectRef = FA7467F91E97D4B2002DBE06 /* Charts.xcodeproj */;
				},
			);
			projectRoot = "";
			targets = (
				FAD012A01E9492EE0088B2D9 /* QeelinGold-iOS */,
				FAD012B91E9492EE0088B2D9 /* QeelinGold-iOSTests */,
				FAD012C41E9492EE0088B2D9 /* QeelinGold-iOSUITests */,
			);
		};
/* End PBXProject section */

/* Begin PBXReferenceProxy section */
		FA7468001E97D4B3002DBE06 /* Charts.framework */ = {
			isa = PBXReferenceProxy;
			fileType = wrapper.framework;
			path = Charts.framework;
			remoteRef = FA7467FF1E97D4B3002DBE06 /* PBXContainerItemProxy */;
			sourceTree = BUILT_PRODUCTS_DIR;
		};
		FA7468021E97D4B3002DBE06 /* ChartsRealm.framework */ = {
			isa = PBXReferenceProxy;
			fileType = wrapper.framework;
			path = ChartsRealm.framework;
			remoteRef = FA7468011E97D4B3002DBE06 /* PBXContainerItemProxy */;
			sourceTree = BUILT_PRODUCTS_DIR;
		};
		FA7468041E97D4B3002DBE06 /* ChartsTests.xctest */ = {
			isa = PBXReferenceProxy;
			fileType = wrapper.cfbundle;
			path = ChartsTests.xctest;
			remoteRef = FA7468031E97D4B3002DBE06 /* PBXContainerItemProxy */;
			sourceTree = BUILT_PRODUCTS_DIR;
		};
/* End PBXReferenceProxy section */

/* Begin PBXResourcesBuildPhase section */
		FAD0129F1E9492EE0088B2D9 /* Resources */ = {
			isa = PBXResourcesBuildPhase;
			buildActionMask = 2147483647;
			files = (
				FAD012B41E9492EE0088B2D9 /* LaunchScreen.storyboard in Resources */,
				FAD012B11E9492EE0088B2D9 /* Assets.xcassets in Resources */,
				FAD012AF1E9492EE0088B2D9 /* Main.storyboard in Resources */,
				FA85C5CA1E97FBDA00C08A09 /* Documentscome.plist in Resources */,
				FA85C5C81E97FA0E00C08A09 /* Documentsline.plist in Resources */,
			);
			runOnlyForDeploymentPostprocessing = 0;
		};
		FAD012B81E9492EE0088B2D9 /* Resources */ = {
			isa = PBXResourcesBuildPhase;
			buildActionMask = 2147483647;
			files = (
			);
			runOnlyForDeploymentPostprocessing = 0;
		};
		FAD012C31E9492EE0088B2D9 /* Resources */ = {
			isa = PBXResourcesBuildPhase;
			buildActionMask = 2147483647;
			files = (
			);
			runOnlyForDeploymentPostprocessing = 0;
		};
/* End PBXResourcesBuildPhase section */

/* Begin PBXShellScriptBuildPhase section */
		2784B6E06BB24D3F48851BCA /* [CP] Check Pods Manifest.lock */ = {
			isa = PBXShellScriptBuildPhase;
			buildActionMask = 2147483647;
			files = (
			);
			inputPaths = (
			);
			name = "[CP] Check Pods Manifest.lock";
			outputPaths = (
			);
			runOnlyForDeploymentPostprocessing = 0;
			shellPath = /bin/sh;
			shellScript = "diff \"${PODS_ROOT}/../Podfile.lock\" \"${PODS_ROOT}/Manifest.lock\" > /dev/null\nif [[ $? != 0 ]] ; then\n    cat << EOM\nerror: The sandbox is not in sync with the Podfile.lock. Run 'pod install' or update your CocoaPods installation.\nEOM\n    exit 1\nfi\n";
			showEnvVarsInLog = 0;
		};
		D74D993F4EDE77258B9BD2E8 /* [CP] Copy Pods Resources */ = {
			isa = PBXShellScriptBuildPhase;
			buildActionMask = 2147483647;
			files = (
			);
			inputPaths = (
			);
			name = "[CP] Copy Pods Resources";
			outputPaths = (
			);
			runOnlyForDeploymentPostprocessing = 0;
			shellPath = /bin/sh;
			shellScript = "\"${SRCROOT}/Pods/Target Support Files/Pods-QeelinGold-iOS/Pods-QeelinGold-iOS-resources.sh\"\n";
			showEnvVarsInLog = 0;
		};
		F3956BB3D1908B8E778C6F80 /* [CP] Embed Pods Frameworks */ = {
			isa = PBXShellScriptBuildPhase;
			buildActionMask = 2147483647;
			files = (
			);
			inputPaths = (
			);
			name = "[CP] Embed Pods Frameworks";
			outputPaths = (
			);
			runOnlyForDeploymentPostprocessing = 0;
			shellPath = /bin/sh;
			shellScript = "\"${SRCROOT}/Pods/Target Support Files/Pods-QeelinGold-iOS/Pods-QeelinGold-iOS-frameworks.sh\"\n";
			showEnvVarsInLog = 0;
		};
/* End PBXShellScriptBuildPhase section */

/* Begin PBXSourcesBuildPhase section */
		FAD0129D1E9492EE0088B2D9 /* Sources */ = {
			isa = PBXSourcesBuildPhase;
			buildActionMask = 2147483647;
			files = (
				FA85C5BA1E97E4A400C08A09 /* BalloonMarker.swift in Sources */,
				FAD012AC1E9492EE0088B2D9 /* ViewController.m in Sources */,
				FA74683C1E97E245002DBE06 /* UIColor+Simple.m in Sources */,
				FA7468281E97D5D5002DBE06 /* QLChartsCandleStickTool.m in Sources */,
				FA7468321E97D821002DBE06 /* btn1ViewController.m in Sources */,
				FAD012A91E9492EE0088B2D9 /* AppDelegate.m in Sources */,
				FA7468241E97D5D5002DBE06 /* QLCandleStickAndBarNegativeView.m in Sources */,
				FAFA73DD1ECC60AE00268E71 /* DQRequestItem.m in Sources */,
				FAFA73DB1ECC60AE00268E71 /* DQRequestCenter.m in Sources */,
				FA74682D1E97D5D5002DBE06 /* QLChartsTool.m in Sources */,
				FAFA73DC1ECC60AE00268E71 /* DQRequestEngine.m in Sources */,
				FA7467F81E97D495002DBE06 /* QeelinGold-iOS.swift in Sources */,
				FA7468231E97D5D5002DBE06 /* DateValueFormatter.m in Sources */,
				FA7468351E97D82F002DBE06 /* btn2ViewController.m in Sources */,
				FA74682C1E97D5D5002DBE06 /* QLChartsModel.m in Sources */,
				FA9E4D2B1EBC4FD800780CE9 /* UIButton+Action.m in Sources */,
				FA7468291E97D5D5002DBE06 /* QLChartsDataCategoryView.m in Sources */,
				FA7468421E97E26E002DBE06 /* colorModel.m in Sources */,
				FA74682F1E97D5D5002DBE06 /* SetValueFormatter.m in Sources */,
				FA74682E1E97D5D5002DBE06 /* QLChartsViews.m in Sources */,
				FA7468261E97D5D5002DBE06 /* QLChartsCandleStickCombineTool.m in Sources */,
				FA7468251E97D5D5002DBE06 /* QLChartsBarNegativeTool.m in Sources */,
				FAFA73DE1ECC60AE00268E71 /* Reachability.m in Sources */,
				FAD012A61E9492EE0088B2D9 /* main.m in Sources */,
				FA74682B1E97D5D5002DBE06 /* QLChartsInitializationCategory.m in Sources */,
			);
			runOnlyForDeploymentPostprocessing = 0;
		};
		FAD012B61E9492EE0088B2D9 /* Sources */ = {
			isa = PBXSourcesBuildPhase;
			buildActionMask = 2147483647;
			files = (
				FAD012BF1E9492EE0088B2D9 /* QeelinGold_iOSTests.m in Sources */,
			);
			runOnlyForDeploymentPostprocessing = 0;
		};
		FAD012C11E9492EE0088B2D9 /* Sources */ = {
			isa = PBXSourcesBuildPhase;
			buildActionMask = 2147483647;
			files = (
				FAD012CA1E9492EE0088B2D9 /* QeelinGold_iOSUITests.m in Sources */,
			);
			runOnlyForDeploymentPostprocessing = 0;
		};
/* End PBXSourcesBuildPhase section */

/* Begin PBXTargetDependency section */
		FA85C5CE1E98018E00C08A09 /* PBXTargetDependency */ = {
			isa = PBXTargetDependency;
			name = Charts;
			targetProxy = FA85C5CD1E98018E00C08A09 /* PBXContainerItemProxy */;
		};
		FAD012BC1E9492EE0088B2D9 /* PBXTargetDependency */ = {
			isa = PBXTargetDependency;
			target = FAD012A01E9492EE0088B2D9 /* QeelinGold-iOS */;
			targetProxy = FAD012BB1E9492EE0088B2D9 /* PBXContainerItemProxy */;
		};
		FAD012C71E9492EE0088B2D9 /* PBXTargetDependency */ = {
			isa = PBXTargetDependency;
			target = FAD012A01E9492EE0088B2D9 /* QeelinGold-iOS */;
			targetProxy = FAD012C61E9492EE0088B2D9 /* PBXContainerItemProxy */;
		};
/* End PBXTargetDependency section */

/* Begin PBXVariantGroup section */
		FAD012AD1E9492EE0088B2D9 /* Main.storyboard */ = {
			isa = PBXVariantGroup;
			children = (
				FAD012AE1E9492EE0088B2D9 /* Base */,
			);
			name = Main.storyboard;
			sourceTree = "<group>";
		};
		FAD012B21E9492EE0088B2D9 /* LaunchScreen.storyboard */ = {
			isa = PBXVariantGroup;
			children = (
				FAD012B31E9492EE0088B2D9 /* Base */,
			);
			name = LaunchScreen.storyboard;
			sourceTree = "<group>";
		};
/* End PBXVariantGroup section */

/* Begin XCBuildConfiguration section */
		FAD012CC1E9492EE0088B2D9 /* Debug */ = {
			isa = XCBuildConfiguration;
			buildSettings = {
				ALWAYS_SEARCH_USER_PATHS = NO;
				CLANG_ANALYZER_NONNULL = YES;
				CLANG_CXX_LANGUAGE_STANDARD = "gnu++0x";
				CLANG_CXX_LIBRARY = "libc++";
				CLANG_ENABLE_MODULES = YES;
				CLANG_ENABLE_OBJC_ARC = YES;
				CLANG_WARN_BOOL_CONVERSION = YES;
				CLANG_WARN_CONSTANT_CONVERSION = YES;
				CLANG_WARN_DIRECT_OBJC_ISA_USAGE = YES_ERROR;
				CLANG_WARN_DOCUMENTATION_COMMENTS = YES;
				CLANG_WARN_EMPTY_BODY = YES;
				CLANG_WARN_ENUM_CONVERSION = YES;
				CLANG_WARN_INFINITE_RECURSION = YES;
				CLANG_WARN_INT_CONVERSION = YES;
				CLANG_WARN_OBJC_ROOT_CLASS = YES_ERROR;
				CLANG_WARN_SUSPICIOUS_MOVE = YES;
				CLANG_WARN_UNREACHABLE_CODE = YES;
				CLANG_WARN__DUPLICATE_METHOD_MATCH = YES;
				"CODE_SIGN_IDENTITY[sdk=iphoneos*]" = "iPhone Developer";
				COPY_PHASE_STRIP = NO;
				DEBUG_INFORMATION_FORMAT = dwarf;
				ENABLE_STRICT_OBJC_MSGSEND = YES;
				ENABLE_TESTABILITY = YES;
				GCC_C_LANGUAGE_STANDARD = gnu99;
				GCC_DYNAMIC_NO_PIC = NO;
				GCC_NO_COMMON_BLOCKS = YES;
				GCC_OPTIMIZATION_LEVEL = 0;
				GCC_PREPROCESSOR_DEFINITIONS = (
					"DEBUG=1",
					"$(inherited)",
				);
				GCC_WARN_64_TO_32_BIT_CONVERSION = YES;
				GCC_WARN_ABOUT_RETURN_TYPE = YES_ERROR;
				GCC_WARN_UNDECLARED_SELECTOR = YES;
				GCC_WARN_UNINITIALIZED_AUTOS = YES_AGGRESSIVE;
				GCC_WARN_UNUSED_FUNCTION = YES;
				GCC_WARN_UNUSED_VARIABLE = YES;
				IPHONEOS_DEPLOYMENT_TARGET = 10.2;
				MTL_ENABLE_DEBUG_INFO = YES;
				ONLY_ACTIVE_ARCH = YES;
				SDKROOT = iphoneos;
				TARGETED_DEVICE_FAMILY = "1,2";
			};
			name = Debug;
		};
		FAD012CD1E9492EE0088B2D9 /* Release */ = {
			isa = XCBuildConfiguration;
			buildSettings = {
				ALWAYS_SEARCH_USER_PATHS = NO;
				CLANG_ANALYZER_NONNULL = YES;
				CLANG_CXX_LANGUAGE_STANDARD = "gnu++0x";
				CLANG_CXX_LIBRARY = "libc++";
				CLANG_ENABLE_MODULES = YES;
				CLANG_ENABLE_OBJC_ARC = YES;
				CLANG_WARN_BOOL_CONVERSION = YES;
				CLANG_WARN_CONSTANT_CONVERSION = YES;
				CLANG_WARN_DIRECT_OBJC_ISA_USAGE = YES_ERROR;
				CLANG_WARN_DOCUMENTATION_COMMENTS = YES;
				CLANG_WARN_EMPTY_BODY = YES;
				CLANG_WARN_ENUM_CONVERSION = YES;
				CLANG_WARN_INFINITE_RECURSION = YES;
				CLANG_WARN_INT_CONVERSION = YES;
				CLANG_WARN_OBJC_ROOT_CLASS = YES_ERROR;
				CLANG_WARN_SUSPICIOUS_MOVE = YES;
				CLANG_WARN_UNREACHABLE_CODE = YES;
				CLANG_WARN__DUPLICATE_METHOD_MATCH = YES;
				"CODE_SIGN_IDENTITY[sdk=iphoneos*]" = "iPhone Developer";
				COPY_PHASE_STRIP = NO;
				DEBUG_INFORMATION_FORMAT = "dwarf-with-dsym";
				ENABLE_NS_ASSERTIONS = NO;
				ENABLE_STRICT_OBJC_MSGSEND = YES;
				GCC_C_LANGUAGE_STANDARD = gnu99;
				GCC_NO_COMMON_BLOCKS = YES;
				GCC_WARN_64_TO_32_BIT_CONVERSION = YES;
				GCC_WARN_ABOUT_RETURN_TYPE = YES_ERROR;
				GCC_WARN_UNDECLARED_SELECTOR = YES;
				GCC_WARN_UNINITIALIZED_AUTOS = YES_AGGRESSIVE;
				GCC_WARN_UNUSED_FUNCTION = YES;
				GCC_WARN_UNUSED_VARIABLE = YES;
				IPHONEOS_DEPLOYMENT_TARGET = 10.2;
				MTL_ENABLE_DEBUG_INFO = NO;
				SDKROOT = iphoneos;
				TARGETED_DEVICE_FAMILY = "1,2";
				VALIDATE_PRODUCT = YES;
			};
			name = Release;
		};
		FAD012CF1E9492EE0088B2D9 /* Debug */ = {
			isa = XCBuildConfiguration;
			baseConfigurationReference = 7959097B9FFD33637BB39E10 /* Pods-QeelinGold-iOS.debug.xcconfig */;
			buildSettings = {
				ALWAYS_EMBED_SWIFT_STANDARD_LIBRARIES = YES;
				ASSETCATALOG_COMPILER_APPICON_NAME = AppIcon;
				ASSETCATALOG_COMPILER_LAUNCHIMAGE_NAME = LaunchImage;
				CLANG_ENABLE_MODULES = YES;
				DEFINES_MODULE = YES;
				DEVELOPMENT_TEAM = 86K8SMY2J9;
				ENABLE_BITCODE = NO;
				GCC_PRECOMPILE_PREFIX_HEADER = YES;
				GCC_PREFIX_HEADER = "QeelinGold-iOS/QeelinGold-iOS-Prefix.pch";
				INFOPLIST_FILE = "QeelinGold-iOS/Info.plist";
				IPHONEOS_DEPLOYMENT_TARGET = 9.0;
				LD_RUNPATH_SEARCH_PATHS = "$(inherited) @executable_path/Frameworks";
				PRODUCT_BUNDLE_IDENTIFIER = com.qilin.QeelinGold;
				PRODUCT_MODULE_NAME = "$(PRODUCT_NAME:c99extidentifier)";
				PRODUCT_NAME = "$(TARGET_NAME)";
				SWIFT_OBJC_BRIDGING_HEADER = "QeelinGold-iOS/QeelinGold-iOS-Bridging-Header.h";
				SWIFT_OPTIMIZATION_LEVEL = "-Onone";
				SWIFT_VERSION = 3.0;
			};
			name = Debug;
		};
		FAD012D01E9492EE0088B2D9 /* Release */ = {
			isa = XCBuildConfiguration;
			baseConfigurationReference = 204C3D51BEE4B0CB673C71CF /* Pods-QeelinGold-iOS.release.xcconfig */;
			buildSettings = {
				ALWAYS_EMBED_SWIFT_STANDARD_LIBRARIES = YES;
				ASSETCATALOG_COMPILER_APPICON_NAME = AppIcon;
				ASSETCATALOG_COMPILER_LAUNCHIMAGE_NAME = LaunchImage;
				CLANG_ENABLE_MODULES = YES;
				DEFINES_MODULE = YES;
				DEVELOPMENT_TEAM = 86K8SMY2J9;
				ENABLE_BITCODE = NO;
				GCC_PRECOMPILE_PREFIX_HEADER = YES;
				GCC_PREFIX_HEADER = "QeelinGold-iOS/QeelinGold-iOS-Prefix.pch";
				INFOPLIST_FILE = "QeelinGold-iOS/Info.plist";
				IPHONEOS_DEPLOYMENT_TARGET = 9.0;
				LD_RUNPATH_SEARCH_PATHS = "$(inherited) @executable_path/Frameworks";
				PRODUCT_BUNDLE_IDENTIFIER = com.qilin.QeelinGold;
				PRODUCT_MODULE_NAME = "$(PRODUCT_NAME:c99extidentifier)";
				PRODUCT_NAME = "$(TARGET_NAME)";
				SWIFT_OBJC_BRIDGING_HEADER = "QeelinGold-iOS/QeelinGold-iOS-Bridging-Header.h";
				SWIFT_VERSION = 3.0;
			};
			name = Release;
		};
		FAD012D21E9492EE0088B2D9 /* Debug */ = {
			isa = XCBuildConfiguration;
			buildSettings = {
				ALWAYS_EMBED_SWIFT_STANDARD_LIBRARIES = YES;
				BUNDLE_LOADER = "$(TEST_HOST)";
				DEVELOPMENT_TEAM = 86K8SMY2J9;
				INFOPLIST_FILE = "QeelinGold-iOSTests/Info.plist";
				LD_RUNPATH_SEARCH_PATHS = "$(inherited) @executable_path/Frameworks @loader_path/Frameworks";
				PRODUCT_BUNDLE_IDENTIFIER = "wei.QeelinGold-iOSTests";
				PRODUCT_NAME = "$(TARGET_NAME)";
				TEST_HOST = "$(BUILT_PRODUCTS_DIR)/QeelinGold-iOS.app/QeelinGold-iOS";
			};
			name = Debug;
		};
		FAD012D31E9492EE0088B2D9 /* Release */ = {
			isa = XCBuildConfiguration;
			buildSettings = {
				ALWAYS_EMBED_SWIFT_STANDARD_LIBRARIES = YES;
				BUNDLE_LOADER = "$(TEST_HOST)";
				DEVELOPMENT_TEAM = 86K8SMY2J9;
				INFOPLIST_FILE = "QeelinGold-iOSTests/Info.plist";
				LD_RUNPATH_SEARCH_PATHS = "$(inherited) @executable_path/Frameworks @loader_path/Frameworks";
				PRODUCT_BUNDLE_IDENTIFIER = "wei.QeelinGold-iOSTests";
				PRODUCT_NAME = "$(TARGET_NAME)";
				TEST_HOST = "$(BUILT_PRODUCTS_DIR)/QeelinGold-iOS.app/QeelinGold-iOS";
			};
			name = Release;
		};
		FAD012D51E9492EE0088B2D9 /* Debug */ = {
			isa = XCBuildConfiguration;
			buildSettings = {
				ALWAYS_EMBED_SWIFT_STANDARD_LIBRARIES = YES;
				DEVELOPMENT_TEAM = 86K8SMY2J9;
				INFOPLIST_FILE = "QeelinGold-iOSUITests/Info.plist";
				LD_RUNPATH_SEARCH_PATHS = "$(inherited) @executable_path/Frameworks @loader_path/Frameworks";
				PRODUCT_BUNDLE_IDENTIFIER = "wei.QeelinGold-iOSUITests";
				PRODUCT_NAME = "$(TARGET_NAME)";
				TEST_TARGET_NAME = "QeelinGold-iOS";
			};
			name = Debug;
		};
		FAD012D61E9492EE0088B2D9 /* Release */ = {
			isa = XCBuildConfiguration;
			buildSettings = {
				ALWAYS_EMBED_SWIFT_STANDARD_LIBRARIES = YES;
				DEVELOPMENT_TEAM = 86K8SMY2J9;
				INFOPLIST_FILE = "QeelinGold-iOSUITests/Info.plist";
				LD_RUNPATH_SEARCH_PATHS = "$(inherited) @executable_path/Frameworks @loader_path/Frameworks";
				PRODUCT_BUNDLE_IDENTIFIER = "wei.QeelinGold-iOSUITests";
				PRODUCT_NAME = "$(TARGET_NAME)";
				TEST_TARGET_NAME = "QeelinGold-iOS";
			};
			name = Release;
		};
/* End XCBuildConfiguration section */

/* Begin XCConfigurationList section */
		FAD0129C1E9492EE0088B2D9 /* Build configuration list for PBXProject "QeelinGold-iOS" */ = {
			isa = XCConfigurationList;
			buildConfigurations = (
				FAD012CC1E9492EE0088B2D9 /* Debug */,
				FAD012CD1E9492EE0088B2D9 /* Release */,
			);
			defaultConfigurationIsVisible = 0;
			defaultConfigurationName = Release;
		};
		FAD012CE1E9492EE0088B2D9 /* Build configuration list for PBXNativeTarget "QeelinGold-iOS" */ = {
			isa = XCConfigurationList;
			buildConfigurations = (
				FAD012CF1E9492EE0088B2D9 /* Debug */,
				FAD012D01E9492EE0088B2D9 /* Release */,
			);
			defaultConfigurationIsVisible = 0;
			defaultConfigurationName = Release;
		};
		FAD012D11E9492EE0088B2D9 /* Build configuration list for PBXNativeTarget "QeelinGold-iOSTests" */ = {
			isa = XCConfigurationList;
			buildConfigurations = (
				FAD012D21E9492EE0088B2D9 /* Debug */,
				FAD012D31E9492EE0088B2D9 /* Release */,
			);
			defaultConfigurationIsVisible = 0;
			defaultConfigurationName = Release;
		};
		FAD012D41E9492EE0088B2D9 /* Build configuration list for PBXNativeTarget "QeelinGold-iOSUITests" */ = {
			isa = XCConfigurationList;
			buildConfigurations = (
				FAD012D51E9492EE0088B2D9 /* Debug */,
				FAD012D61E9492EE0088B2D9 /* Release */,
			);
			defaultConfigurationIsVisible = 0;
			defaultConfigurationName = Release;
		};
/* End XCConfigurationList section */
	};
	rootObject = FAD012991E9492EE0088B2D9 /* Project object */;
}
